// !$*UTF8*$!
{
	archiveVersion = 1;
	classes = {
	};
	objectVersion = 50;
	objects = {

/* Begin PBXBuildFile section */
		1CE5502032A4A306DD5B92DA /* Pods_GitGraphQL.framework in Frameworks */ = {isa = PBXBuildFile; fileRef = 3EC15863402E6A51541EDF58 /* Pods_GitGraphQL.framework */; };
		CD13AAA21ED3865F37898844 /* Pods_GitGraphQLTests.framework in Frameworks */ = {isa = PBXBuildFile; fileRef = 68A2201DDAEA62EBDE1EAE12 /* Pods_GitGraphQLTests.framework */; };
		EBD40A7DB00459CF612585AC /* Pods_GitGraphQLUITests.framework in Frameworks */ = {isa = PBXBuildFile; fileRef = 79C83C9DF3D90E2119BCDD39 /* Pods_GitGraphQLUITests.framework */; };
		FE2F07E7225C31D200660A20 /* AppDelegate.swift in Sources */ = {isa = PBXBuildFile; fileRef = FE2F07E6225C31D200660A20 /* AppDelegate.swift */; };
		FE2F07EE225C31D400660A20 /* Assets.xcassets in Resources */ = {isa = PBXBuildFile; fileRef = FE2F07ED225C31D400660A20 /* Assets.xcassets */; };
		FE2F07F1225C31D400660A20 /* LaunchScreen.storyboard in Resources */ = {isa = PBXBuildFile; fileRef = FE2F07EF225C31D400660A20 /* LaunchScreen.storyboard */; };
		FE2F07FC225C31D400660A20 /* GitGraphQLTests.swift in Sources */ = {isa = PBXBuildFile; fileRef = FE2F07FB225C31D400660A20 /* GitGraphQLTests.swift */; };
		FE2F0807225C31D400660A20 /* GitGraphQLUITests.swift in Sources */ = {isa = PBXBuildFile; fileRef = FE2F0806225C31D400660A20 /* GitGraphQLUITests.swift */; };
		FE2F0816225D6AFE00660A20 /* RepoScrollVC.swift in Sources */ = {isa = PBXBuildFile; fileRef = FE2F0815225D6AFE00660A20 /* RepoScrollVC.swift */; };
		FE3CD163225F08570061A383 /* AvatarImageView.swift in Sources */ = {isa = PBXBuildFile; fileRef = FE3CD162225F08570061A383 /* AvatarImageView.swift */; };
		FE3CD165225F0F990061A383 /* RepoScrollViewModel.swift in Sources */ = {isa = PBXBuildFile; fileRef = FE3CD164225F0F990061A383 /* RepoScrollViewModel.swift */; };
		FE3CD167225F2F890061A383 /* GraphQLClientProtocol.swift in Sources */ = {isa = PBXBuildFile; fileRef = FE3CD166225F2F890061A383 /* GraphQLClientProtocol.swift */; };
		FE3CD16C226043CA0061A383 /* UIViewExtension.swift in Sources */ = {isa = PBXBuildFile; fileRef = FE3CD16B226043CA0061A383 /* UIViewExtension.swift */; };
		FE3CD16E22607A060061A383 /* UIColorExtension.swift in Sources */ = {isa = PBXBuildFile; fileRef = FE3CD16D22607A060061A383 /* UIColorExtension.swift */; };
		FE3CD1722262B9A80061A383 /* GraphQLHTTPNetworkTransport.swift in Sources */ = {isa = PBXBuildFile; fileRef = FE3CD1712262B9A80061A383 /* GraphQLHTTPNetworkTransport.swift */; };
		FE7F4E00225D7957002FC02F /* Repo.swift in Sources */ = {isa = PBXBuildFile; fileRef = FE7F4DFF225D7957002FC02F /* Repo.swift */; };
		FE7F4E02225D7989002FC02F /* User.swift in Sources */ = {isa = PBXBuildFile; fileRef = FE7F4E01225D7989002FC02F /* User.swift */; };
		FE7F4E05225D7C9D002FC02F /* RepoScrollCell.swift in Sources */ = {isa = PBXBuildFile; fileRef = FE7F4E03225D7C9D002FC02F /* RepoScrollCell.swift */; };
		FE7F4E06225D7C9D002FC02F /* RepoScrollCell.xib in Resources */ = {isa = PBXBuildFile; fileRef = FE7F4E04225D7C9D002FC02F /* RepoScrollCell.xib */; };
		FE7F4E13225DBE87002FC02F /* RepoScrollVC.graphql in Resources */ = {isa = PBXBuildFile; fileRef = FE7F4E12225DBE87002FC02F /* RepoScrollVC.graphql */; };
		FE7F4E15225DC66F002FC02F /* API.swift in Sources */ = {isa = PBXBuildFile; fileRef = FE7F4E14225DC66F002FC02F /* API.swift */; };
/* End PBXBuildFile section */

/* Begin PBXContainerItemProxy section */
		FE2F07F8225C31D400660A20 /* PBXContainerItemProxy */ = {
			isa = PBXContainerItemProxy;
			containerPortal = FE2F07DB225C31D200660A20 /* Project object */;
			proxyType = 1;
			remoteGlobalIDString = FE2F07E2225C31D200660A20;
			remoteInfo = GitGraphQL;
		};
		FE2F0803225C31D400660A20 /* PBXContainerItemProxy */ = {
			isa = PBXContainerItemProxy;
			containerPortal = FE2F07DB225C31D200660A20 /* Project object */;
			proxyType = 1;
			remoteGlobalIDString = FE2F07E2225C31D200660A20;
			remoteInfo = GitGraphQL;
		};
/* End PBXContainerItemProxy section */

/* Begin PBXFileReference section */
		0E5993128A5B6F53FA15F2E4 /* Pods-GitGraphQLUITests.release.xcconfig */ = {isa = PBXFileReference; includeInIndex = 1; lastKnownFileType = text.xcconfig; name = "Pods-GitGraphQLUITests.release.xcconfig"; path = "Pods/Target Support Files/Pods-GitGraphQLUITests/Pods-GitGraphQLUITests.release.xcconfig"; sourceTree = "<group>"; };
		0F11BA1BBF7A7EC32D9E62A5 /* Pods-GitGraphQL.release.xcconfig */ = {isa = PBXFileReference; includeInIndex = 1; lastKnownFileType = text.xcconfig; name = "Pods-GitGraphQL.release.xcconfig"; path = "Pods/Target Support Files/Pods-GitGraphQL/Pods-GitGraphQL.release.xcconfig"; sourceTree = "<group>"; };
		395FAC4DA18F228A232660A8 /* Pods-GitGraphQLTests.release.xcconfig */ = {isa = PBXFileReference; includeInIndex = 1; lastKnownFileType = text.xcconfig; name = "Pods-GitGraphQLTests.release.xcconfig"; path = "Pods/Target Support Files/Pods-GitGraphQLTests/Pods-GitGraphQLTests.release.xcconfig"; sourceTree = "<group>"; };
		3EC15863402E6A51541EDF58 /* Pods_GitGraphQL.framework */ = {isa = PBXFileReference; explicitFileType = wrapper.framework; includeInIndex = 0; path = Pods_GitGraphQL.framework; sourceTree = BUILT_PRODUCTS_DIR; };
		4A3464EECA0B06C9E58DF0D8 /* Pods-GitGraphQLUITests.debug.xcconfig */ = {isa = PBXFileReference; includeInIndex = 1; lastKnownFileType = text.xcconfig; name = "Pods-GitGraphQLUITests.debug.xcconfig"; path = "Pods/Target Support Files/Pods-GitGraphQLUITests/Pods-GitGraphQLUITests.debug.xcconfig"; sourceTree = "<group>"; };
		68A2201DDAEA62EBDE1EAE12 /* Pods_GitGraphQLTests.framework */ = {isa = PBXFileReference; explicitFileType = wrapper.framework; includeInIndex = 0; path = Pods_GitGraphQLTests.framework; sourceTree = BUILT_PRODUCTS_DIR; };
		79C83C9DF3D90E2119BCDD39 /* Pods_GitGraphQLUITests.framework */ = {isa = PBXFileReference; explicitFileType = wrapper.framework; includeInIndex = 0; path = Pods_GitGraphQLUITests.framework; sourceTree = BUILT_PRODUCTS_DIR; };
		B96E124D328E558702FB8B83 /* Pods-GitGraphQLTests.debug.xcconfig */ = {isa = PBXFileReference; includeInIndex = 1; lastKnownFileType = text.xcconfig; name = "Pods-GitGraphQLTests.debug.xcconfig"; path = "Pods/Target Support Files/Pods-GitGraphQLTests/Pods-GitGraphQLTests.debug.xcconfig"; sourceTree = "<group>"; };
		F5141223C2B520A0EB6DAC0C /* Pods-GitGraphQL.debug.xcconfig */ = {isa = PBXFileReference; includeInIndex = 1; lastKnownFileType = text.xcconfig; name = "Pods-GitGraphQL.debug.xcconfig"; path = "Pods/Target Support Files/Pods-GitGraphQL/Pods-GitGraphQL.debug.xcconfig"; sourceTree = "<group>"; };
		FE2F07E3225C31D200660A20 /* GitGraphQL.app */ = {isa = PBXFileReference; explicitFileType = wrapper.application; includeInIndex = 0; path = GitGraphQL.app; sourceTree = BUILT_PRODUCTS_DIR; };
		FE2F07E6225C31D200660A20 /* AppDelegate.swift */ = {isa = PBXFileReference; lastKnownFileType = sourcecode.swift; path = AppDelegate.swift; sourceTree = "<group>"; };
		FE2F07ED225C31D400660A20 /* Assets.xcassets */ = {isa = PBXFileReference; lastKnownFileType = folder.assetcatalog; path = Assets.xcassets; sourceTree = "<group>"; };
		FE2F07F0225C31D400660A20 /* Base */ = {isa = PBXFileReference; lastKnownFileType = file.storyboard; name = Base; path = Base.lproj/LaunchScreen.storyboard; sourceTree = "<group>"; };
		FE2F07F2225C31D400660A20 /* Info.plist */ = {isa = PBXFileReference; lastKnownFileType = text.plist.xml; path = Info.plist; sourceTree = "<group>"; };
		FE2F07F7225C31D400660A20 /* GitGraphQLTests.xctest */ = {isa = PBXFileReference; explicitFileType = wrapper.cfbundle; includeInIndex = 0; path = GitGraphQLTests.xctest; sourceTree = BUILT_PRODUCTS_DIR; };
		FE2F07FB225C31D400660A20 /* GitGraphQLTests.swift */ = {isa = PBXFileReference; lastKnownFileType = sourcecode.swift; path = GitGraphQLTests.swift; sourceTree = "<group>"; };
		FE2F07FD225C31D400660A20 /* Info.plist */ = {isa = PBXFileReference; lastKnownFileType = text.plist.xml; path = Info.plist; sourceTree = "<group>"; };
		FE2F0802225C31D400660A20 /* GitGraphQLUITests.xctest */ = {isa = PBXFileReference; explicitFileType = wrapper.cfbundle; includeInIndex = 0; path = GitGraphQLUITests.xctest; sourceTree = BUILT_PRODUCTS_DIR; };
		FE2F0806225C31D400660A20 /* GitGraphQLUITests.swift */ = {isa = PBXFileReference; lastKnownFileType = sourcecode.swift; path = GitGraphQLUITests.swift; sourceTree = "<group>"; };
		FE2F0808225C31D400660A20 /* Info.plist */ = {isa = PBXFileReference; lastKnownFileType = text.plist.xml; path = Info.plist; sourceTree = "<group>"; };
		FE2F0815225D6AFE00660A20 /* RepoScrollVC.swift */ = {isa = PBXFileReference; lastKnownFileType = sourcecode.swift; path = RepoScrollVC.swift; sourceTree = "<group>"; };
		FE3CD162225F08570061A383 /* AvatarImageView.swift */ = {isa = PBXFileReference; lastKnownFileType = sourcecode.swift; path = AvatarImageView.swift; sourceTree = "<group>"; };
		FE3CD164225F0F990061A383 /* RepoScrollViewModel.swift */ = {isa = PBXFileReference; lastKnownFileType = sourcecode.swift; path = RepoScrollViewModel.swift; sourceTree = "<group>"; };
		FE3CD166225F2F890061A383 /* GraphQLClientProtocol.swift */ = {isa = PBXFileReference; lastKnownFileType = sourcecode.swift; path = GraphQLClientProtocol.swift; sourceTree = "<group>"; };
		FE3CD16B226043CA0061A383 /* UIViewExtension.swift */ = {isa = PBXFileReference; lastKnownFileType = sourcecode.swift; path = UIViewExtension.swift; sourceTree = "<group>"; };
		FE3CD16D22607A060061A383 /* UIColorExtension.swift */ = {isa = PBXFileReference; lastKnownFileType = sourcecode.swift; path = UIColorExtension.swift; sourceTree = "<group>"; };
		FE3CD1712262B9A80061A383 /* GraphQLHTTPNetworkTransport.swift */ = {isa = PBXFileReference; lastKnownFileType = sourcecode.swift; path = GraphQLHTTPNetworkTransport.swift; sourceTree = "<group>"; };
		FE7F4DFF225D7957002FC02F /* Repo.swift */ = {isa = PBXFileReference; lastKnownFileType = sourcecode.swift; path = Repo.swift; sourceTree = "<group>"; };
		FE7F4E01225D7989002FC02F /* User.swift */ = {isa = PBXFileReference; lastKnownFileType = sourcecode.swift; path = User.swift; sourceTree = "<group>"; };
		FE7F4E03225D7C9D002FC02F /* RepoScrollCell.swift */ = {isa = PBXFileReference; lastKnownFileType = sourcecode.swift; path = RepoScrollCell.swift; sourceTree = "<group>"; };
		FE7F4E04225D7C9D002FC02F /* RepoScrollCell.xib */ = {isa = PBXFileReference; lastKnownFileType = file.xib; path = RepoScrollCell.xib; sourceTree = "<group>"; };
		FE7F4E12225DBE87002FC02F /* RepoScrollVC.graphql */ = {isa = PBXFileReference; fileEncoding = 4; lastKnownFileType = text; name = RepoScrollVC.graphql; path = "GitGraphQL/Supporting Files/GraphQL/Queries/RepoScrollVC.graphql"; sourceTree = SOURCE_ROOT; };
		FE7F4E14225DC66F002FC02F /* API.swift */ = {isa = PBXFileReference; fileEncoding = 4; lastKnownFileType = sourcecode.swift; path = API.swift; sourceTree = "<group>"; };
/* End PBXFileReference section */

/* Begin PBXFrameworksBuildPhase section */
		FE2F07E0225C31D200660A20 /* Frameworks */ = {
			isa = PBXFrameworksBuildPhase;
			buildActionMask = 2147483647;
			files = (
				1CE5502032A4A306DD5B92DA /* Pods_GitGraphQL.framework in Frameworks */,
			);
			runOnlyForDeploymentPostprocessing = 0;
		};
		FE2F07F4225C31D400660A20 /* Frameworks */ = {
			isa = PBXFrameworksBuildPhase;
			buildActionMask = 2147483647;
			files = (
				CD13AAA21ED3865F37898844 /* Pods_GitGraphQLTests.framework in Frameworks */,
			);
			runOnlyForDeploymentPostprocessing = 0;
		};
		FE2F07FF225C31D400660A20 /* Frameworks */ = {
			isa = PBXFrameworksBuildPhase;
			buildActionMask = 2147483647;
			files = (
				EBD40A7DB00459CF612585AC /* Pods_GitGraphQLUITests.framework in Frameworks */,
			);
			runOnlyForDeploymentPostprocessing = 0;
		};
/* End PBXFrameworksBuildPhase section */

/* Begin PBXGroup section */
		20C2CF2B133141F030A15CBF /* Pods */ = {
			isa = PBXGroup;
			children = (
				F5141223C2B520A0EB6DAC0C /* Pods-GitGraphQL.debug.xcconfig */,
				0F11BA1BBF7A7EC32D9E62A5 /* Pods-GitGraphQL.release.xcconfig */,
				B96E124D328E558702FB8B83 /* Pods-GitGraphQLTests.debug.xcconfig */,
				395FAC4DA18F228A232660A8 /* Pods-GitGraphQLTests.release.xcconfig */,
				4A3464EECA0B06C9E58DF0D8 /* Pods-GitGraphQLUITests.debug.xcconfig */,
				0E5993128A5B6F53FA15F2E4 /* Pods-GitGraphQLUITests.release.xcconfig */,
			);
			name = Pods;
			sourceTree = "<group>";
		};
		3AAFC182EFFC46FAB3328B3E /* Frameworks */ = {
			isa = PBXGroup;
			children = (
				3EC15863402E6A51541EDF58 /* Pods_GitGraphQL.framework */,
				68A2201DDAEA62EBDE1EAE12 /* Pods_GitGraphQLTests.framework */,
				79C83C9DF3D90E2119BCDD39 /* Pods_GitGraphQLUITests.framework */,
			);
			name = Frameworks;
			sourceTree = "<group>";
		};
		FE2F07DA225C31D200660A20 = {
			isa = PBXGroup;
			children = (
				FE2F07E5225C31D200660A20 /* GitGraphQL */,
				FE2F07FA225C31D400660A20 /* GitGraphQLTests */,
				FE2F0805225C31D400660A20 /* GitGraphQLUITests */,
				FE2F07E4225C31D200660A20 /* Products */,
				20C2CF2B133141F030A15CBF /* Pods */,
				3AAFC182EFFC46FAB3328B3E /* Frameworks */,
			);
			sourceTree = "<group>";
		};
		FE2F07E4225C31D200660A20 /* Products */ = {
			isa = PBXGroup;
			children = (
				FE2F07E3225C31D200660A20 /* GitGraphQL.app */,
				FE2F07F7225C31D400660A20 /* GitGraphQLTests.xctest */,
				FE2F0802225C31D400660A20 /* GitGraphQLUITests.xctest */,
			);
			name = Products;
			sourceTree = "<group>";
		};
		FE2F07E5225C31D200660A20 /* GitGraphQL */ = {
			isa = PBXGroup;
			children = (
				FE2F07E6225C31D200660A20 /* AppDelegate.swift */,
				FE3CD161225F08400061A383 /* Components */,
				FE3CD16A226043A60061A383 /* Extensions */,
				FE7F4E07225DB734002FC02F /* Models */,
				FE7F4E19225DD1F2002FC02F /* Networking */,
				FE7F4E0D225DB7B5002FC02F /* Supporting Files */,
				FE7F4E08225DB746002FC02F /* VC */,
				FE7F4E16225DCD03002FC02F /* ViewModels */,
				FE7F4E09225DB760002FC02F /* Views */,
			);
			path = GitGraphQL;
			sourceTree = "<group>";
		};
		FE2F07FA225C31D400660A20 /* GitGraphQLTests */ = {
			isa = PBXGroup;
			children = (
				FE2F07FB225C31D400660A20 /* GitGraphQLTests.swift */,
				FE2F07FD225C31D400660A20 /* Info.plist */,
			);
			path = GitGraphQLTests;
			sourceTree = "<group>";
		};
		FE2F0805225C31D400660A20 /* GitGraphQLUITests */ = {
			isa = PBXGroup;
			children = (
				FE2F0806225C31D400660A20 /* GitGraphQLUITests.swift */,
				FE2F0808225C31D400660A20 /* Info.plist */,
			);
			path = GitGraphQLUITests;
			sourceTree = "<group>";
		};
		FE3CD161225F08400061A383 /* Components */ = {
			isa = PBXGroup;
			children = (
				FE3CD162225F08570061A383 /* AvatarImageView.swift */,
			);
			path = Components;
			sourceTree = "<group>";
		};
		FE3CD16A226043A60061A383 /* Extensions */ = {
			isa = PBXGroup;
			children = (
				FE3CD16B226043CA0061A383 /* UIViewExtension.swift */,
				FE3CD16D22607A060061A383 /* UIColorExtension.swift */,
			);
			path = Extensions;
			sourceTree = "<group>";
		};
		FE7F4E07225DB734002FC02F /* Models */ = {
			isa = PBXGroup;
			children = (
				FE7F4DFF225D7957002FC02F /* Repo.swift */,
				FE7F4E01225D7989002FC02F /* User.swift */,
			);
			path = Models;
			sourceTree = "<group>";
		};
		FE7F4E08225DB746002FC02F /* VC */ = {
			isa = PBXGroup;
			children = (
				FE2F0815225D6AFE00660A20 /* RepoScrollVC.swift */,
			);
			path = VC;
			sourceTree = "<group>";
		};
		FE7F4E09225DB760002FC02F /* Views */ = {
			isa = PBXGroup;
			children = (
				FE7F4E0A225DB76C002FC02F /* Cells */,
				FE7F4E0C225DB78D002FC02F /* Xibs */,
			);
			path = Views;
			sourceTree = "<group>";
		};
		FE7F4E0A225DB76C002FC02F /* Cells */ = {
			isa = PBXGroup;
			children = (
				FE7F4E03225D7C9D002FC02F /* RepoScrollCell.swift */,
			);
			path = Cells;
			sourceTree = "<group>";
		};
		FE7F4E0C225DB78D002FC02F /* Xibs */ = {
			isa = PBXGroup;
			children = (
				FE7F4E04225D7C9D002FC02F /* RepoScrollCell.xib */,
			);
			path = Xibs;
			sourceTree = "<group>";
		};
		FE7F4E0D225DB7B5002FC02F /* Supporting Files */ = {
			isa = PBXGroup;
			children = (
				FE2F07ED225C31D400660A20 /* Assets.xcassets */,
				FE7F4E10225DBE56002FC02F /* GraphQL */,
				FE2F07F2225C31D400660A20 /* Info.plist */,
				FE7F4E0E225DB81F002FC02F /* Storyboards */,
			);
			path = "Supporting Files";
			sourceTree = "<group>";
		};
		FE7F4E0E225DB81F002FC02F /* Storyboards */ = {
			isa = PBXGroup;
			children = (
				FE2F07EF225C31D400660A20 /* LaunchScreen.storyboard */,
			);
			path = Storyboards;
			sourceTree = "<group>";
		};
		FE7F4E10225DBE56002FC02F /* GraphQL */ = {
			isa = PBXGroup;
			children = (
				FE7F4E14225DC66F002FC02F /* API.swift */,
				FE7F4E11225DBE69002FC02F /* Queries */,
			);
			path = GraphQL;
			sourceTree = "<group>";
		};
		FE7F4E11225DBE69002FC02F /* Queries */ = {
			isa = PBXGroup;
			children = (
				FE7F4E12225DBE87002FC02F /* RepoScrollVC.graphql */,
			);
			path = Queries;
			sourceTree = "<group>";
		};
		FE7F4E16225DCD03002FC02F /* ViewModels */ = {
			isa = PBXGroup;
			children = (
				FE3CD164225F0F990061A383 /* RepoScrollViewModel.swift */,
			);
			path = ViewModels;
			sourceTree = "<group>";
		};
		FE7F4E19225DD1F2002FC02F /* Networking */ = {
			isa = PBXGroup;
			children = (
				FE3CD166225F2F890061A383 /* GraphQLClientProtocol.swift */,
				FE3CD1712262B9A80061A383 /* GraphQLHTTPNetworkTransport.swift */,
			);
			path = Networking;
			sourceTree = "<group>";
		};
/* End PBXGroup section */

/* Begin PBXNativeTarget section */
		FE2F07E2225C31D200660A20 /* GitGraphQL */ = {
			isa = PBXNativeTarget;
			buildConfigurationList = FE2F080B225C31D400660A20 /* Build configuration list for PBXNativeTarget "GitGraphQL" */;
			buildPhases = (
				1843AA9846566928C78CBA82 /* [CP] Check Pods Manifest.lock */,
				FE2F0814225C363900660A20 /* Generate Apollo GraphQL API */,
				FE2F07DF225C31D200660A20 /* Sources */,
				FE2F07E0225C31D200660A20 /* Frameworks */,
				FE2F07E1225C31D200660A20 /* Resources */,
				5F94BA7E1BECCFF1C08B8619 /* [CP] Embed Pods Frameworks */,
			);
			buildRules = (
			);
			dependencies = (
			);
			name = GitGraphQL;
			productName = GitGraphQL;
			productReference = FE2F07E3225C31D200660A20 /* GitGraphQL.app */;
			productType = "com.apple.product-type.application";
		};
		FE2F07F6225C31D400660A20 /* GitGraphQLTests */ = {
			isa = PBXNativeTarget;
			buildConfigurationList = FE2F080E225C31D400660A20 /* Build configuration list for PBXNativeTarget "GitGraphQLTests" */;
			buildPhases = (
				199FBD99AA85917DF5FF7065 /* [CP] Check Pods Manifest.lock */,
				FE2F07F3225C31D400660A20 /* Sources */,
				FE2F07F4225C31D400660A20 /* Frameworks */,
				FE2F07F5225C31D400660A20 /* Resources */,
			);
			buildRules = (
			);
			dependencies = (
				FE2F07F9225C31D400660A20 /* PBXTargetDependency */,
			);
			name = GitGraphQLTests;
			productName = GitGraphQLTests;
			productReference = FE2F07F7225C31D400660A20 /* GitGraphQLTests.xctest */;
			productType = "com.apple.product-type.bundle.unit-test";
		};
		FE2F0801225C31D400660A20 /* GitGraphQLUITests */ = {
			isa = PBXNativeTarget;
			buildConfigurationList = FE2F0811225C31D400660A20 /* Build configuration list for PBXNativeTarget "GitGraphQLUITests" */;
			buildPhases = (
				647C4AA517C852AC6A6F3D91 /* [CP] Check Pods Manifest.lock */,
				FE2F07FE225C31D400660A20 /* Sources */,
				FE2F07FF225C31D400660A20 /* Frameworks */,
				FE2F0800225C31D400660A20 /* Resources */,
			);
			buildRules = (
			);
			dependencies = (
				FE2F0804225C31D400660A20 /* PBXTargetDependency */,
			);
			name = GitGraphQLUITests;
			productName = GitGraphQLUITests;
			productReference = FE2F0802225C31D400660A20 /* GitGraphQLUITests.xctest */;
			productType = "com.apple.product-type.bundle.ui-testing";
		};
/* End PBXNativeTarget section */

/* Begin PBXProject section */
		FE2F07DB225C31D200660A20 /* Project object */ = {
			isa = PBXProject;
			attributes = {
				LastSwiftUpdateCheck = 1020;
				LastUpgradeCheck = 1020;
				ORGANIZATIONNAME = "Elex Lee";
				TargetAttributes = {
					FE2F07E2225C31D200660A20 = {
						CreatedOnToolsVersion = 10.2;
					};
					FE2F07F6225C31D400660A20 = {
						CreatedOnToolsVersion = 10.2;
						TestTargetID = FE2F07E2225C31D200660A20;
					};
					FE2F0801225C31D400660A20 = {
						CreatedOnToolsVersion = 10.2;
						TestTargetID = FE2F07E2225C31D200660A20;
					};
				};
			};
			buildConfigurationList = FE2F07DE225C31D200660A20 /* Build configuration list for PBXProject "GitGraphQL" */;
			compatibilityVersion = "Xcode 9.3";
			developmentRegion = en;
			hasScannedForEncodings = 0;
			knownRegions = (
				en,
				Base,
			);
			mainGroup = FE2F07DA225C31D200660A20;
			productRefGroup = FE2F07E4225C31D200660A20 /* Products */;
			projectDirPath = "";
			projectRoot = "";
			targets = (
				FE2F07E2225C31D200660A20 /* GitGraphQL */,
				FE2F07F6225C31D400660A20 /* GitGraphQLTests */,
				FE2F0801225C31D400660A20 /* GitGraphQLUITests */,
			);
		};
/* End PBXProject section */

/* Begin PBXResourcesBuildPhase section */
		FE2F07E1225C31D200660A20 /* Resources */ = {
			isa = PBXResourcesBuildPhase;
			buildActionMask = 2147483647;
			files = (
				FE7F4E06225D7C9D002FC02F /* RepoScrollCell.xib in Resources */,
				FE2F07F1225C31D400660A20 /* LaunchScreen.storyboard in Resources */,
				FE2F07EE225C31D400660A20 /* Assets.xcassets in Resources */,
				FE7F4E13225DBE87002FC02F /* RepoScrollVC.graphql in Resources */,
			);
			runOnlyForDeploymentPostprocessing = 0;
		};
		FE2F07F5225C31D400660A20 /* Resources */ = {
			isa = PBXResourcesBuildPhase;
			buildActionMask = 2147483647;
			files = (
			);
			runOnlyForDeploymentPostprocessing = 0;
		};
		FE2F0800225C31D400660A20 /* Resources */ = {
			isa = PBXResourcesBuildPhase;
			buildActionMask = 2147483647;
			files = (
			);
			runOnlyForDeploymentPostprocessing = 0;
		};
/* End PBXResourcesBuildPhase section */

/* Begin PBXShellScriptBuildPhase section */
		1843AA9846566928C78CBA82 /* [CP] Check Pods Manifest.lock */ = {
			isa = PBXShellScriptBuildPhase;
			buildActionMask = 2147483647;
			files = (
			);
			inputPaths = (
				"${PODS_PODFILE_DIR_PATH}/Podfile.lock",
				"${PODS_ROOT}/Manifest.lock",
			);
			name = "[CP] Check Pods Manifest.lock";
			outputPaths = (
				"$(DERIVED_FILE_DIR)/Pods-GitGraphQL-checkManifestLockResult.txt",
			);
			runOnlyForDeploymentPostprocessing = 0;
			shellPath = /bin/sh;
			shellScript = "diff \"${PODS_PODFILE_DIR_PATH}/Podfile.lock\" \"${PODS_ROOT}/Manifest.lock\" > /dev/null\nif [ $? != 0 ] ; then\n    # print error to STDERR\n    echo \"error: The sandbox is not in sync with the Podfile.lock. Run 'pod install' or update your CocoaPods installation.\" >&2\n    exit 1\nfi\n# This output is used by Xcode 'outputs' to avoid re-running this script phase.\necho \"SUCCESS\" > \"${SCRIPT_OUTPUT_FILE_0}\"\n";
			showEnvVarsInLog = 0;
		};
		199FBD99AA85917DF5FF7065 /* [CP] Check Pods Manifest.lock */ = {
			isa = PBXShellScriptBuildPhase;
			buildActionMask = 2147483647;
			files = (
			);
			inputPaths = (
				"${PODS_PODFILE_DIR_PATH}/Podfile.lock",
				"${PODS_ROOT}/Manifest.lock",
			);
			name = "[CP] Check Pods Manifest.lock";
			outputPaths = (
				"$(DERIVED_FILE_DIR)/Pods-GitGraphQLTests-checkManifestLockResult.txt",
			);
			runOnlyForDeploymentPostprocessing = 0;
			shellPath = /bin/sh;
			shellScript = "diff \"${PODS_PODFILE_DIR_PATH}/Podfile.lock\" \"${PODS_ROOT}/Manifest.lock\" > /dev/null\nif [ $? != 0 ] ; then\n    # print error to STDERR\n    echo \"error: The sandbox is not in sync with the Podfile.lock. Run 'pod install' or update your CocoaPods installation.\" >&2\n    exit 1\nfi\n# This output is used by Xcode 'outputs' to avoid re-running this script phase.\necho \"SUCCESS\" > \"${SCRIPT_OUTPUT_FILE_0}\"\n";
			showEnvVarsInLog = 0;
		};
		5F94BA7E1BECCFF1C08B8619 /* [CP] Embed Pods Frameworks */ = {
			isa = PBXShellScriptBuildPhase;
			buildActionMask = 2147483647;
			files = (
			);
			inputPaths = (
				"${PODS_ROOT}/Target Support Files/Pods-GitGraphQL/Pods-GitGraphQL-frameworks.sh",
				"${BUILT_PRODUCTS_DIR}/Apollo/Apollo.framework",
			);
			name = "[CP] Embed Pods Frameworks";
			outputPaths = (
				"${TARGET_BUILD_DIR}/${FRAMEWORKS_FOLDER_PATH}/Apollo.framework",
			);
			runOnlyForDeploymentPostprocessing = 0;
			shellPath = /bin/sh;
			shellScript = "\"${PODS_ROOT}/Target Support Files/Pods-GitGraphQL/Pods-GitGraphQL-frameworks.sh\"\n";
			showEnvVarsInLog = 0;
		};
		647C4AA517C852AC6A6F3D91 /* [CP] Check Pods Manifest.lock */ = {
			isa = PBXShellScriptBuildPhase;
			buildActionMask = 2147483647;
			files = (
			);
			inputPaths = (
				"${PODS_PODFILE_DIR_PATH}/Podfile.lock",
				"${PODS_ROOT}/Manifest.lock",
			);
			name = "[CP] Check Pods Manifest.lock";
			outputPaths = (
				"$(DERIVED_FILE_DIR)/Pods-GitGraphQLUITests-checkManifestLockResult.txt",
			);
			runOnlyForDeploymentPostprocessing = 0;
			shellPath = /bin/sh;
			shellScript = "diff \"${PODS_PODFILE_DIR_PATH}/Podfile.lock\" \"${PODS_ROOT}/Manifest.lock\" > /dev/null\nif [ $? != 0 ] ; then\n    # print error to STDERR\n    echo \"error: The sandbox is not in sync with the Podfile.lock. Run 'pod install' or update your CocoaPods installation.\" >&2\n    exit 1\nfi\n# This output is used by Xcode 'outputs' to avoid re-running this script phase.\necho \"SUCCESS\" > \"${SCRIPT_OUTPUT_FILE_0}\"\n";
			showEnvVarsInLog = 0;
		};
		FE2F0814225C363900660A20 /* Generate Apollo GraphQL API */ = {
			isa = PBXShellScriptBuildPhase;
			buildActionMask = 12;
			files = (
			);
			inputFileListPaths = (
			);
			inputPaths = (
			);
			name = "Generate Apollo GraphQL API";
			outputFileListPaths = (
			);
			outputPaths = (
			);
			runOnlyForDeploymentPostprocessing = 0;
			shellPath = /bin/sh;
			shellScript = "APOLLO_FRAMEWORK_PATH=\"$(eval find $FRAMEWORK_SEARCH_PATHS -name \"Apollo.framework\" -maxdepth 1)\"\n\nif [ -z \"$APOLLO_FRAMEWORK_PATH\" ]; then\necho \"error: Couldn't find Apollo.framework in FRAMEWORK_SEARCH_PATHS; make sure to add the framework to your project.\"\nexit 1\nfi\n\ncd \"${SRCROOT}/${TARGET_NAME}/Supporting Files/GraphQL\"\n$APOLLO_FRAMEWORK_PATH/check-and-run-apollo-cli.sh codegen:generate --queries=\"$(find . -name '*.graphql')\" --schema=schema.json API.swift\n";
		};
/* End PBXShellScriptBuildPhase section */

/* Begin PBXSourcesBuildPhase section */
		FE2F07DF225C31D200660A20 /* Sources */ = {
			isa = PBXSourcesBuildPhase;
			buildActionMask = 2147483647;
			files = (
				FE3CD163225F08570061A383 /* AvatarImageView.swift in Sources */,
				FE3CD16C226043CA0061A383 /* UIViewExtension.swift in Sources */,
				FE2F0816225D6AFE00660A20 /* RepoScrollVC.swift in Sources */,
				FE3CD167225F2F890061A383 /* GraphQLClientProtocol.swift in Sources */,
				FE7F4E05225D7C9D002FC02F /* RepoScrollCell.swift in Sources */,
				FE2F07E7225C31D200660A20 /* AppDelegate.swift in Sources */,
				FE3CD1722262B9A80061A383 /* GraphQLHTTPNetworkTransport.swift in Sources */,
				FE7F4E02225D7989002FC02F /* User.swift in Sources */,
				FE7F4E15225DC66F002FC02F /* API.swift in Sources */,
				FE3CD16E22607A060061A383 /* UIColorExtension.swift in Sources */,
				FE7F4E00225D7957002FC02F /* Repo.swift in Sources */,
				FE3CD165225F0F990061A383 /* RepoScrollViewModel.swift in Sources */,
			);
			runOnlyForDeploymentPostprocessing = 0;
		};
		FE2F07F3225C31D400660A20 /* Sources */ = {
			isa = PBXSourcesBuildPhase;
			buildActionMask = 2147483647;
			files = (
				FE2F07FC225C31D400660A20 /* GitGraphQLTests.swift in Sources */,
			);
			runOnlyForDeploymentPostprocessing = 0;
		};
		FE2F07FE225C31D400660A20 /* Sources */ = {
			isa = PBXSourcesBuildPhase;
			buildActionMask = 2147483647;
			files = (
				FE2F0807225C31D400660A20 /* GitGraphQLUITests.swift in Sources */,
			);
			runOnlyForDeploymentPostprocessing = 0;
		};
/* End PBXSourcesBuildPhase section */

/* Begin PBXTargetDependency section */
		FE2F07F9225C31D400660A20 /* PBXTargetDependency */ = {
			isa = PBXTargetDependency;
			target = FE2F07E2225C31D200660A20 /* GitGraphQL */;
			targetProxy = FE2F07F8225C31D400660A20 /* PBXContainerItemProxy */;
		};
		FE2F0804225C31D400660A20 /* PBXTargetDependency */ = {
			isa = PBXTargetDependency;
			target = FE2F07E2225C31D200660A20 /* GitGraphQL */;
			targetProxy = FE2F0803225C31D400660A20 /* PBXContainerItemProxy */;
		};
/* End PBXTargetDependency section */

/* Begin PBXVariantGroup section */
		FE2F07EF225C31D400660A20 /* LaunchScreen.storyboard */ = {
			isa = PBXVariantGroup;
			children = (
				FE2F07F0225C31D400660A20 /* Base */,
			);
			name = LaunchScreen.storyboard;
			sourceTree = "<group>";
		};
/* End PBXVariantGroup section */

/* Begin XCBuildConfiguration section */
		FE2F0809225C31D400660A20 /* Debug */ = {
			isa = XCBuildConfiguration;
			buildSettings = {
				ALWAYS_SEARCH_USER_PATHS = NO;
				CLANG_ANALYZER_NONNULL = YES;
				CLANG_ANALYZER_NUMBER_OBJECT_CONVERSION = YES_AGGRESSIVE;
				CLANG_CXX_LANGUAGE_STANDARD = "gnu++14";
				CLANG_CXX_LIBRARY = "libc++";
				CLANG_ENABLE_MODULES = YES;
				CLANG_ENABLE_OBJC_ARC = YES;
				CLANG_ENABLE_OBJC_WEAK = YES;
				CLANG_WARN_BLOCK_CAPTURE_AUTORELEASING = YES;
				CLANG_WARN_BOOL_CONVERSION = YES;
				CLANG_WARN_COMMA = YES;
				CLANG_WARN_CONSTANT_CONVERSION = YES;
				CLANG_WARN_DEPRECATED_OBJC_IMPLEMENTATIONS = YES;
				CLANG_WARN_DIRECT_OBJC_ISA_USAGE = YES_ERROR;
				CLANG_WARN_DOCUMENTATION_COMMENTS = YES;
				CLANG_WARN_EMPTY_BODY = YES;
				CLANG_WARN_ENUM_CONVERSION = YES;
				CLANG_WARN_INFINITE_RECURSION = YES;
				CLANG_WARN_INT_CONVERSION = YES;
				CLANG_WARN_NON_LITERAL_NULL_CONVERSION = YES;
				CLANG_WARN_OBJC_IMPLICIT_RETAIN_SELF = YES;
				CLANG_WARN_OBJC_LITERAL_CONVERSION = YES;
				CLANG_WARN_OBJC_ROOT_CLASS = YES_ERROR;
				CLANG_WARN_RANGE_LOOP_ANALYSIS = YES;
				CLANG_WARN_STRICT_PROTOTYPES = YES;
				CLANG_WARN_SUSPICIOUS_MOVE = YES;
				CLANG_WARN_UNGUARDED_AVAILABILITY = YES_AGGRESSIVE;
				CLANG_WARN_UNREACHABLE_CODE = YES;
				CLANG_WARN__DUPLICATE_METHOD_MATCH = YES;
				CODE_SIGN_IDENTITY = "iPhone Developer";
				COPY_PHASE_STRIP = NO;
				DEBUG_INFORMATION_FORMAT = dwarf;
				ENABLE_STRICT_OBJC_MSGSEND = YES;
				ENABLE_TESTABILITY = YES;
				GCC_C_LANGUAGE_STANDARD = gnu11;
				GCC_DYNAMIC_NO_PIC = NO;
				GCC_NO_COMMON_BLOCKS = YES;
				GCC_OPTIMIZATION_LEVEL = 0;
				GCC_PREPROCESSOR_DEFINITIONS = (
					"DEBUG=1",
					"$(inherited)",
				);
				GCC_WARN_64_TO_32_BIT_CONVERSION = YES;
				GCC_WARN_ABOUT_RETURN_TYPE = YES_ERROR;
				GCC_WARN_UNDECLARED_SELECTOR = YES;
				GCC_WARN_UNINITIALIZED_AUTOS = YES_AGGRESSIVE;
				GCC_WARN_UNUSED_FUNCTION = YES;
				GCC_WARN_UNUSED_VARIABLE = YES;
				IPHONEOS_DEPLOYMENT_TARGET = 12.2;
				MTL_ENABLE_DEBUG_INFO = INCLUDE_SOURCE;
				MTL_FAST_MATH = YES;
				ONLY_ACTIVE_ARCH = YES;
				SDKROOT = iphoneos;
				SWIFT_ACTIVE_COMPILATION_CONDITIONS = DEBUG;
				SWIFT_OPTIMIZATION_LEVEL = "-Onone";
			};
			name = Debug;
		};
		FE2F080A225C31D400660A20 /* Release */ = {
			isa = XCBuildConfiguration;
			buildSettings = {
				ALWAYS_SEARCH_USER_PATHS = NO;
				CLANG_ANALYZER_NONNULL = YES;
				CLANG_ANALYZER_NUMBER_OBJECT_CONVERSION = YES_AGGRESSIVE;
				CLANG_CXX_LANGUAGE_STANDARD = "gnu++14";
				CLANG_CXX_LIBRARY = "libc++";
				CLANG_ENABLE_MODULES = YES;
				CLANG_ENABLE_OBJC_ARC = YES;
				CLANG_ENABLE_OBJC_WEAK = YES;
				CLANG_WARN_BLOCK_CAPTURE_AUTORELEASING = YES;
				CLANG_WARN_BOOL_CONVERSION = YES;
				CLANG_WARN_COMMA = YES;
				CLANG_WARN_CONSTANT_CONVERSION = YES;
				CLANG_WARN_DEPRECATED_OBJC_IMPLEMENTATIONS = YES;
				CLANG_WARN_DIRECT_OBJC_ISA_USAGE = YES_ERROR;
				CLANG_WARN_DOCUMENTATION_COMMENTS = YES;
				CLANG_WARN_EMPTY_BODY = YES;
				CLANG_WARN_ENUM_CONVERSION = YES;
				CLANG_WARN_INFINITE_RECURSION = YES;
				CLANG_WARN_INT_CONVERSION = YES;
				CLANG_WARN_NON_LITERAL_NULL_CONVERSION = YES;
				CLANG_WARN_OBJC_IMPLICIT_RETAIN_SELF = YES;
				CLANG_WARN_OBJC_LITERAL_CONVERSION = YES;
				CLANG_WARN_OBJC_ROOT_CLASS = YES_ERROR;
				CLANG_WARN_RANGE_LOOP_ANALYSIS = YES;
				CLANG_WARN_STRICT_PROTOTYPES = YES;
				CLANG_WARN_SUSPICIOUS_MOVE = YES;
				CLANG_WARN_UNGUARDED_AVAILABILITY = YES_AGGRESSIVE;
				CLANG_WARN_UNREACHABLE_CODE = YES;
				CLANG_WARN__DUPLICATE_METHOD_MATCH = YES;
				CODE_SIGN_IDENTITY = "iPhone Developer";
				COPY_PHASE_STRIP = NO;
				DEBUG_INFORMATION_FORMAT = "dwarf-with-dsym";
				ENABLE_NS_ASSERTIONS = NO;
				ENABLE_STRICT_OBJC_MSGSEND = YES;
				GCC_C_LANGUAGE_STANDARD = gnu11;
				GCC_NO_COMMON_BLOCKS = YES;
				GCC_WARN_64_TO_32_BIT_CONVERSION = YES;
				GCC_WARN_ABOUT_RETURN_TYPE = YES_ERROR;
				GCC_WARN_UNDECLARED_SELECTOR = YES;
				GCC_WARN_UNINITIALIZED_AUTOS = YES_AGGRESSIVE;
				GCC_WARN_UNUSED_FUNCTION = YES;
				GCC_WARN_UNUSED_VARIABLE = YES;
				IPHONEOS_DEPLOYMENT_TARGET = 12.2;
				MTL_ENABLE_DEBUG_INFO = NO;
				MTL_FAST_MATH = YES;
				SDKROOT = iphoneos;
				SWIFT_COMPILATION_MODE = wholemodule;
				SWIFT_OPTIMIZATION_LEVEL = "-O";
				VALIDATE_PRODUCT = YES;
			};
			name = Release;
		};
		FE2F080C225C31D400660A20 /* Debug */ = {
			isa = XCBuildConfiguration;
			baseConfigurationReference = F5141223C2B520A0EB6DAC0C /* Pods-GitGraphQL.debug.xcconfig */;
			buildSettings = {
				ASSETCATALOG_COMPILER_APPICON_NAME = AppIcon;
				CODE_SIGN_STYLE = Automatic;
				DEVELOPMENT_TEAM = NU4Z69HCZ2;
				INFOPLIST_FILE = "$(SRCROOT)/GitGraphQL/Supporting Files/Info.plist";
				LD_RUNPATH_SEARCH_PATHS = (
					"$(inherited)",
					"@executable_path/Frameworks",
				);
				PRODUCT_BUNDLE_IDENTIFIER = com.elexlee.GitGraphQL;
				PRODUCT_NAME = "$(TARGET_NAME)";
				SWIFT_VERSION = 5.0;
				TARGETED_DEVICE_FAMILY = 1;
			};
			name = Debug;
		};
		FE2F080D225C31D400660A20 /* Release */ = {
			isa = XCBuildConfiguration;
			baseConfigurationReference = 0F11BA1BBF7A7EC32D9E62A5 /* Pods-GitGraphQL.release.xcconfig */;
			buildSettings = {
				ASSETCATALOG_COMPILER_APPICON_NAME = AppIcon;
				CODE_SIGN_STYLE = Automatic;
				DEVELOPMENT_TEAM = NU4Z69HCZ2;
				INFOPLIST_FILE = "$(SRCROOT)/GitGraphQL/Supporting Files/Info.plist";
				LD_RUNPATH_SEARCH_PATHS = (
					"$(inherited)",
					"@executable_path/Frameworks",
				);
				PRODUCT_BUNDLE_IDENTIFIER = com.elexlee.GitGraphQL;
				PRODUCT_NAME = "$(TARGET_NAME)";
				SWIFT_VERSION = 5.0;
				TARGETED_DEVICE_FAMILY = 1;
			};
			name = Release;
		};
		FE2F080F225C31D400660A20 /* Debug */ = {
			isa = XCBuildConfiguration;
			baseConfigurationReference = B96E124D328E558702FB8B83 /* Pods-GitGraphQLTests.debug.xcconfig */;
			buildSettings = {
				ALWAYS_EMBED_SWIFT_STANDARD_LIBRARIES = YES;
				BUNDLE_LOADER = "$(TEST_HOST)";
				CODE_SIGN_STYLE = Automatic;
				DEVELOPMENT_TEAM = NU4Z69HCZ2;
				INFOPLIST_FILE = GitGraphQLTests/Info.plist;
				LD_RUNPATH_SEARCH_PATHS = (
					"$(inherited)",
					"@executable_path/Frameworks",
					"@loader_path/Frameworks",
				);
				PRODUCT_BUNDLE_IDENTIFIER = com.elexlee.GitGraphQLTests;
				PRODUCT_NAME = "$(TARGET_NAME)";
				SWIFT_VERSION = 5.0;
				TARGETED_DEVICE_FAMILY = "1,2";
				TEST_HOST = "$(BUILT_PRODUCTS_DIR)/GitGraphQL.app/GitGraphQL";
			};
			name = Debug;
		};
		FE2F0810225C31D400660A20 /* Release */ = {
			isa = XCBuildConfiguration;
			baseConfigurationReference = 395FAC4DA18F228A232660A8 /* Pods-GitGraphQLTests.release.xcconfig */;
			buildSettings = {
				ALWAYS_EMBED_SWIFT_STANDARD_LIBRARIES = YES;
				BUNDLE_LOADER = "$(TEST_HOST)";
				CODE_SIGN_STYLE = Automatic;
				DEVELOPMENT_TEAM = NU4Z69HCZ2;
				INFOPLIST_FILE = GitGraphQLTests/Info.plist;
				LD_RUNPATH_SEARCH_PATHS = (
					"$(inherited)",
					"@executable_path/Frameworks",
					"@loader_path/Frameworks",
				);
				PRODUCT_BUNDLE_IDENTIFIER = com.elexlee.GitGraphQLTests;
				PRODUCT_NAME = "$(TARGET_NAME)";
				SWIFT_VERSION = 5.0;
				TARGETED_DEVICE_FAMILY = "1,2";
				TEST_HOST = "$(BUILT_PRODUCTS_DIR)/GitGraphQL.app/GitGraphQL";
			};
			name = Release;
		};
		FE2F0812225C31D400660A20 /* Debug */ = {
			isa = XCBuildConfiguration;
			baseConfigurationReference = 4A3464EECA0B06C9E58DF0D8 /* Pods-GitGraphQLUITests.debug.xcconfig */;
			buildSettings = {
				ALWAYS_EMBED_SWIFT_STANDARD_LIBRARIES = YES;
				CODE_SIGN_STYLE = Automatic;
				DEVELOPMENT_TEAM = NU4Z69HCZ2;
				INFOPLIST_FILE = GitGraphQLUITests/Info.plist;
				LD_RUNPATH_SEARCH_PATHS = (
					"$(inherited)",
					"@executable_path/Frameworks",
					"@loader_path/Frameworks",
				);
				PRODUCT_BUNDLE_IDENTIFIER = com.elexlee.GitGraphQLUITests;
				PRODUCT_NAME = "$(TARGET_NAME)";
				SWIFT_VERSION = 5.0;
				TARGETED_DEVICE_FAMILY = "1,2";
				TEST_TARGET_NAME = GitGraphQL;
			};
			name = Debug;
		};
		FE2F0813225C31D400660A20 /* Release */ = {
			isa = XCBuildConfiguration;
			baseConfigurationReference = 0E5993128A5B6F53FA15F2E4 /* Pods-GitGraphQLUITests.release.xcconfig */;
			buildSettings = {
				ALWAYS_EMBED_SWIFT_STANDARD_LIBRARIES = YES;
				CODE_SIGN_STYLE = Automatic;
				DEVELOPMENT_TEAM = NU4Z69HCZ2;
				INFOPLIST_FILE = GitGraphQLUITests/Info.plist;
				LD_RUNPATH_SEARCH_PATHS = (
					"$(inherited)",
					"@executable_path/Frameworks",
					"@loader_path/Frameworks",
				);
				PRODUCT_BUNDLE_IDENTIFIER = com.elexlee.GitGraphQLUITests;
				PRODUCT_NAME = "$(TARGET_NAME)";
				SWIFT_VERSION = 5.0;
				TARGETED_DEVICE_FAMILY = "1,2";
				TEST_TARGET_NAME = GitGraphQL;
			};
			name = Release;
		};
/* End XCBuildConfiguration section */

/* Begin XCConfigurationList section */
		FE2F07DE225C31D200660A20 /* Build configuration list for PBXProject "GitGraphQL" */ = {
			isa = XCConfigurationList;
			buildConfigurations = (
				FE2F0809225C31D400660A20 /* Debug */,
				FE2F080A225C31D400660A20 /* Release */,
			);
			defaultConfigurationIsVisible = 0;
			defaultConfigurationName = Release;
		};
		FE2F080B225C31D400660A20 /* Build configuration list for PBXNativeTarget "GitGraphQL" */ = {
			isa = XCConfigurationList;
			buildConfigurations = (
				FE2F080C225C31D400660A20 /* Debug */,
				FE2F080D225C31D400660A20 /* Release */,
			);
			defaultConfigurationIsVisible = 0;
			defaultConfigurationName = Release;
		};
		FE2F080E225C31D400660A20 /* Build configuration list for PBXNativeTarget "GitGraphQLTests" */ = {
			isa = XCConfigurationList;
			buildConfigurations = (
				FE2F080F225C31D400660A20 /* Debug */,
				FE2F0810225C31D400660A20 /* Release */,
			);
			defaultConfigurationIsVisible = 0;
			defaultConfigurationName = Release;
		};
		FE2F0811225C31D400660A20 /* Build configuration list for PBXNativeTarget "GitGraphQLUITests" */ = {
			isa = XCConfigurationList;
			buildConfigurations = (
				FE2F0812225C31D400660A20 /* Debug */,
				FE2F0813225C31D400660A20 /* Release */,
			);
			defaultConfigurationIsVisible = 0;
			defaultConfigurationName = Release;
		};
/* End XCConfigurationList section */
	};
	rootObject = FE2F07DB225C31D200660A20 /* Project object */;
}
